
Microsoft Visual Studio Solution File, Format Version 12.00
# Visual Studio Version 16
VisualStudioVersion = 16.0.30225.117
MinimumVisualStudioVersion = 10.0.40219.1
Project("{8BC9CEB8-8B4A-11D0-8D11-00A0C91BC942}") = "GetImgs", "GetImgs\GetImgs.vcxproj", "{B0826919-3369-4A75-9830-79842E603BE0}"
EndProject
Project("{8BC9CEB8-8B4A-11D0-8D11-00A0C91BC942}") = "KAYACoaXpressLib", "library\KAYACoaXpressLib\KAYACoaXpressLib.vcxproj", "{F9D45842-71DB-4942-AEDC-8508F69A0500}"
EndProject
Project("{2150E333-8FDC-42A3-9474-1A3956D46DE8}") = "library", "library", "{385F2B12-5CA2-4091-A6D4-0454BA2DA8F7}"
EndProject
Project("{8BC9CEB8-8B4A-11D0-8D11-00A0C91BC942}") = "GetImgs_withLib", "GetImgs_withLib\GetImgs_withLib.vcxproj", "{8A634424-CB7C-4607-9C19-AC240CFBEE12}"
EndProject
Project("{8BC9CEB8-8B4A-11D0-8D11-00A0C91BC942}") = "DDMotorControl", "DDMotorControl\DDMotorControl.vcxproj", "{D92359F9-B1E2-4D1D-B153-2D88C8A01E5C}"
EndProject
Project("{8BC9CEB8-8B4A-11D0-8D11-00A0C91BC942}") = "KAYACoaXpressLib440", "library\KAYACoaXpressLib440\KAYACoaXpressLib440.vcxproj", "{B2C874BD-AE54-4E88-A518-69AC64091F84}"
EndProject
Project("{8BC9CEB8-8B4A-11D0-8D11-00A0C91BC942}") = "GetImgs_ver440", "GetImgs_ver440\GetImgs_ver440.vcxproj", "{727D1C8B-0AA7-4514-8D2E-4ABE35C8CE96}"
EndProject
Project("{8BC9CEB8-8B4A-11D0-8D11-00A0C91BC942}") = "GetImgs_withLib440", "GetImg_withLib440\GetImg_withLib440.vcxproj", "{D8432F20-8C37-4F57-AA0B-B456BABC9981}"
EndProject
Project("{8BC9CEB8-8B4A-11D0-8D11-00A0C91BC942}") = "SaveHSCImgs", "SaveHSCImgs\SaveHSCImgs.vcxproj", "{3091706F-014F-40D6-8C33-C372AD5E1335}"
EndProject
Global
	GlobalSection(SolutionConfigurationPlatforms) = preSolution
		Debug|x64 = Debug|x64
		Debug|x86 = Debug|x86
		Release|x64 = Release|x64
		Release|x86 = Release|x86
	EndGlobalSection
	GlobalSection(ProjectConfigurationPlatforms) = postSolution
		{B0826919-3369-4A75-9830-79842E603BE0}.Debug|x64.ActiveCfg = Debug|x64
		{B0826919-3369-4A75-9830-79842E603BE0}.Debug|x64.Build.0 = Debug|x64
		{B0826919-3369-4A75-9830-79842E603BE0}.Debug|x86.ActiveCfg = Debug|Win32
		{B0826919-3369-4A75-9830-79842E603BE0}.Debug|x86.Build.0 = Debug|Win32
		{B0826919-3369-4A75-9830-79842E603BE0}.Release|x64.ActiveCfg = Release|x64
		{B0826919-3369-4A75-9830-79842E603BE0}.Release|x64.Build.0 = Release|x64
		{B0826919-3369-4A75-9830-79842E603BE0}.Release|x86.ActiveCfg = Release|Win32
		{B0826919-3369-4A75-9830-79842E603BE0}.Release|x86.Build.0 = Release|Win32
		{F9D45842-71DB-4942-AEDC-8508F69A0500}.Debug|x64.ActiveCfg = Debug|x64
		{F9D45842-71DB-4942-AEDC-8508F69A0500}.Debug|x64.Build.0 = Debug|x64
		{F9D45842-71DB-4942-AEDC-8508F69A0500}.Debug|x86.ActiveCfg = Debug|Win32
		{F9D45842-71DB-4942-AEDC-8508F69A0500}.Debug|x86.Build.0 = Debug|Win32
		{F9D45842-71DB-4942-AEDC-8508F69A0500}.Release|x64.ActiveCfg = Release|x64
		{F9D45842-71DB-4942-AEDC-8508F69A0500}.Release|x64.Build.0 = Release|x64
		{F9D45842-71DB-4942-AEDC-8508F69A0500}.Release|x86.ActiveCfg = Release|Win32
		{F9D45842-71DB-4942-AEDC-8508F69A0500}.Release|x86.Build.0 = Release|Win32
		{8A634424-CB7C-4607-9C19-AC240CFBEE12}.Debug|x64.ActiveCfg = Debug|x64
		{8A634424-CB7C-4607-9C19-AC240CFBEE12}.Debug|x64.Build.0 = Debug|x64
		{8A634424-CB7C-4607-9C19-AC240CFBEE12}.Debug|x86.ActiveCfg = Debug|Win32
		{8A634424-CB7C-4607-9C19-AC240CFBEE12}.Debug|x86.Build.0 = Debug|Win32
		{8A634424-CB7C-4607-9C19-AC240CFBEE12}.Release|x64.ActiveCfg = Release|x64
		{8A634424-CB7C-4607-9C19-AC240CFBEE12}.Release|x64.Build.0 = Release|x64
		{8A634424-CB7C-4607-9C19-AC240CFBEE12}.Release|x86.ActiveCfg = Release|Win32
		{8A634424-CB7C-4607-9C19-AC240CFBEE12}.Release|x86.Build.0 = Release|Win32
		{D92359F9-B1E2-4D1D-B153-2D88C8A01E5C}.Debug|x64.ActiveCfg = Debug|x64
		{D92359F9-B1E2-4D1D-B153-2D88C8A01E5C}.Debug|x64.Build.0 = Debug|x64
		{D92359F9-B1E2-4D1D-B153-2D88C8A01E5C}.Debug|x86.ActiveCfg = Debug|Win32
		{D92359F9-B1E2-4D1D-B153-2D88C8A01E5C}.Debug|x86.Build.0 = Debug|Win32
		{D92359F9-B1E2-4D1D-B153-2D88C8A01E5C}.Release|x64.ActiveCfg = Release|x64
		{D92359F9-B1E2-4D1D-B153-2D88C8A01E5C}.Release|x64.Build.0 = Release|x64
		{D92359F9-B1E2-4D1D-B153-2D88C8A01E5C}.Release|x86.ActiveCfg = Release|Win32
		{D92359F9-B1E2-4D1D-B153-2D88C8A01E5C}.Release|x86.Build.0 = Release|Win32
		{B2C874BD-AE54-4E88-A518-69AC64091F84}.Debug|x64.ActiveCfg = Debug|x64
		{B2C874BD-AE54-4E88-A518-69AC64091F84}.Debug|x64.Build.0 = Debug|x64
		{B2C874BD-AE54-4E88-A518-69AC64091F84}.Debug|x86.ActiveCfg = Debug|Win32
		{B2C874BD-AE54-4E88-A518-69AC64091F84}.Debug|x86.Build.0 = Debug|Win32
		{B2C874BD-AE54-4E88-A518-69AC64091F84}.Release|x64.ActiveCfg = Release|x64
		{B2C874BD-AE54-4E88-A518-69AC64091F84}.Release|x64.Build.0 = Release|x64
		{B2C874BD-AE54-4E88-A518-69AC64091F84}.Release|x86.ActiveCfg = Release|Win32
		{B2C874BD-AE54-4E88-A518-69AC64091F84}.Release|x86.Build.0 = Release|Win32
		{727D1C8B-0AA7-4514-8D2E-4ABE35C8CE96}.Debug|x64.ActiveCfg = Debug|x64
		{727D1C8B-0AA7-4514-8D2E-4ABE35C8CE96}.Debug|x64.Build.0 = Debug|x64
		{727D1C8B-0AA7-4514-8D2E-4ABE35C8CE96}.Debug|x86.ActiveCfg = Debug|Win32
		{727D1C8B-0AA7-4514-8D2E-4ABE35C8CE96}.Debug|x86.Build.0 = Debug|Win32
		{727D1C8B-0AA7-4514-8D2E-4ABE35C8CE96}.Release|x64.ActiveCfg = Release|x64
		{727D1C8B-0AA7-4514-8D2E-4ABE35C8CE96}.Release|x64.Build.0 = Release|x64
		{727D1C8B-0AA7-4514-8D2E-4ABE35C8CE96}.Release|x86.ActiveCfg = Release|Win32
		{727D1C8B-0AA7-4514-8D2E-4ABE35C8CE96}.Release|x86.Build.0 = Release|Win32
		{D8432F20-8C37-4F57-AA0B-B456BABC9981}.Debug|x64.ActiveCfg = Debug|x64
		{D8432F20-8C37-4F57-AA0B-B456BABC9981}.Debug|x64.Build.0 = Debug|x64
		{D8432F20-8C37-4F57-AA0B-B456BABC9981}.Debug|x86.ActiveCfg = Debug|Win32
		{D8432F20-8C37-4F57-AA0B-B456BABC9981}.Debug|x86.Build.0 = Debug|Win32
		{D8432F20-8C37-4F57-AA0B-B456BABC9981}.Release|x64.ActiveCfg = Release|x64
		{D8432F20-8C37-4F57-AA0B-B456BABC9981}.Release|x64.Build.0 = Release|x64
		{D8432F20-8C37-4F57-AA0B-B456BABC9981}.Release|x86.ActiveCfg = Release|Win32
		{D8432F20-8C37-4F57-AA0B-B456BABC9981}.Release|x86.Build.0 = Release|Win32
		{3091706F-014F-40D6-8C33-C372AD5E1335}.Debug|x64.ActiveCfg = Debug|x64
		{3091706F-014F-40D6-8C33-C372AD5E1335}.Debug|x64.Build.0 = Debug|x64
		{3091706F-014F-40D6-8C33-C372AD5E1335}.Debug|x86.ActiveCfg = Debug|Win32
		{3091706F-014F-40D6-8C33-C372AD5E1335}.Debug|x86.Build.0 = Debug|Win32
		{3091706F-014F-40D6-8C33-C372AD5E1335}.Release|x64.ActiveCfg = Release|x64
		{3091706F-014F-40D6-8C33-C372AD5E1335}.Release|x64.Build.0 = Release|x64
		{3091706F-014F-40D6-8C33-C372AD5E1335}.Release|x86.ActiveCfg = Release|Win32
		{3091706F-014F-40D6-8C33-C372AD5E1335}.Release|x86.Build.0 = Release|Win32
	EndGlobalSection
	GlobalSection(SolutionProperties) = preSolution
		HideSolutionNode = FALSE
	EndGlobalSection
	GlobalSection(NestedProjects) = preSolution
		{F9D45842-71DB-4942-AEDC-8508F69A0500} = {385F2B12-5CA2-4091-A6D4-0454BA2DA8F7}
		{B2C874BD-AE54-4E88-A518-69AC64091F84} = {385F2B12-5CA2-4091-A6D4-0454BA2DA8F7}
	EndGlobalSection
	GlobalSection(ExtensibilityGlobals) = postSolution
		SolutionGuid = {248D2B59-5188-498A-9899-A0F77093D24F}
	EndGlobalSection
EndGlobal
